
Microsoft Visual Studio Solution File, Format Version 12.00
# Visual Studio Version 16
VisualStudioVersion = 16.0.29911.84
MinimumVisualStudioVersion = 10.0.40219.1
Project("{9A19103F-16F7-4668-BE54-9A1E7A4F7556}") = "LabelService", "LabelService\LabelService.csproj", "{8CA020B9-1781-4CBC-BCD0-AB7D8F5E6086}"
EndProject
Project("{FAE04EC0-301F-11D3-BF4B-00C04F79EFBC}") = "LabelServiceTests", "LabelServiceTests\LabelServiceTests.csproj", "{7B3140E9-BABF-44F9-8C86-CE3315E1CE8D}"
EndProject
Global
	GlobalSection(SolutionConfigurationPlatforms) = preSolution
		Debug|Any CPU = Debug|Any CPU
		Release|Any CPU = Release|Any CPU
	EndGlobalSection
	GlobalSection(ProjectConfigurationPlatforms) = postSolution
		{8CA020B9-1781-4CBC-BCD0-AB7D8F5E6086}.Debug|Any CPU.ActiveCfg = Debug|Any CPU
		{8CA020B9-1781-4CBC-BCD0-AB7D8F5E6086}.Debug|Any CPU.Build.0 = Debug|Any CPU
		{8CA020B9-1781-4CBC-BCD0-AB7D8F5E6086}.Release|Any CPU.ActiveCfg = Release|Any CPU
		{8CA020B9-1781-4CBC-BCD0-AB7D8F5E6086}.Release|Any CPU.Build.0 = Release|Any CPU
		{7B3140E9-BABF-44F9-8C86-CE3315E1CE8D}.Debug|Any CPU.ActiveCfg = Debug|Any CPU
		{7B3140E9-BABF-44F9-8C86-CE3315E1CE8D}.Debug|Any CPU.Build.0 = Debug|Any CPU
		{7B3140E9-BABF-44F9-8C86-CE3315E1CE8D}.Release|Any CPU.ActiveCfg = Release|Any CPU
		{7B3140E9-BABF-44F9-8C86-CE3315E1CE8D}.Release|Any CPU.Build.0 = Release|Any CPU
	EndGlobalSection
	GlobalSection(SolutionProperties) = preSolution
		HideSolutionNode = FALSE
	EndGlobalSection
	GlobalSection(ExtensibilityGlobals) = postSolution
		SolutionGuid = {281CD11C-32FE-4CED-B9B4-07E09C0837FB}
	EndGlobalSection
EndGlobal
